
Microsoft Visual Studio Solution File, Format Version 12.00
# Visual Studio Version 17
VisualStudioVersion = 17.10.34928.147
MinimumVisualStudioVersion = 10.0.40219.1
Project("{FAE04EC0-301F-11D3-BF4B-00C04F79EFBC}") = "Manager", "Manager.csproj", "{937A01B9-DF30-4A28-B45A-E652BD92E60E}"
EndProject
Global
	GlobalSection(SolutionConfigurationPlatforms) = preSolution
		Debug|Any CPU = Debug|Any CPU
		Release|Any CPU = Release|Any CPU
	EndGlobalSection
	GlobalSection(ProjectConfigurationPlatforms) = postSolution
		{937A01B9-DF30-4A28-B45A-E652BD92E60E}.Debug|Any CPU.ActiveCfg = Debug|Any CPU
		{937A01B9-DF30-4A28-B45A-E652BD92E60E}.Debug|Any CPU.Build.0 = Debug|Any CPU
		{937A01B9-DF30-4A28-B45A-E652BD92E60E}.Release|Any CPU.ActiveCfg = Release|Any CPU
		{937A01B9-DF30-4A28-B45A-E652BD92E60E}.Release|Any CPU.Build.0 = Release|Any CPU
	EndGlobalSection
	GlobalSection(SolutionProperties) = preSolution
		HideSolutionNode = FALSE
	EndGlobalSection
	GlobalSection(ExtensibilityGlobals) = postSolution
		SolutionGuid = {48883280-9561-493C-B7A0-037A5006D2F0}
	EndGlobalSection
EndGlobal
